// !$*UTF8*$!
{
	archiveVersion = 1;
	classes = {
	};
	objectVersion = 50;
	objects = {

/* Begin PBXBuildFile section */
		0B5EF1C53B7241078A8212B9 /* awsconfiguration.json in Resources */ = {isa = PBXBuildFile; fileRef = 79F34409C1C849A3B7CB89C7 /* awsconfiguration.json */; };
		6EFE7B5D408C4E11AB784575 /* amplifyconfiguration.json in Resources */ = {isa = PBXBuildFile; fileRef = 306CF6F8EE9D4F6A9C676B0B /* amplifyconfiguration.json */; };
		7A66211B17AA8C68AA92E1FF /* Pods_Tabe.framework in Frameworks */ = {isa = PBXBuildFile; fileRef = ADC27F0A5B2B559D516C7267 /* Pods_Tabe.framework */; };
		FABAC8BF257EB06E00DE8409 /* TabeApp.swift in Sources */ = {isa = PBXBuildFile; fileRef = FABAC8BE257EB06E00DE8409 /* TabeApp.swift */; };
		FABAC8C1257EB06E00DE8409 /* ContentView.swift in Sources */ = {isa = PBXBuildFile; fileRef = FABAC8C0257EB06E00DE8409 /* ContentView.swift */; };
		FABAC8C3257EB06F00DE8409 /* Assets.xcassets in Resources */ = {isa = PBXBuildFile; fileRef = FABAC8C2257EB06F00DE8409 /* Assets.xcassets */; };
		FABAC8C6257EB06F00DE8409 /* Preview Assets.xcassets in Resources */ = {isa = PBXBuildFile; fileRef = FABAC8C5257EB06F00DE8409 /* Preview Assets.xcassets */; };
		649503F622144F6283B2B779 /* AmplifyModels.swift in Sources */ = {isa = PBXBuildFile; fileRef = 31BDD5D9723D40AA89ED7925 /* AmplifyModels.swift */; };
		442AAEC3B08A4197A538D580 /* Priority.swift in Sources */ = {isa = PBXBuildFile; fileRef = 2B8A53D218184837AA637DE5 /* Priority.swift */; };
		9B109224D7F54B9B9DE6476D /* Todo.swift in Sources */ = {isa = PBXBuildFile; fileRef = 668EF0AEAE38437596E03633 /* Todo.swift */; };
		11DCB5532FF248C580855371 /* Todo+Schema.swift in Sources */ = {isa = PBXBuildFile; fileRef = 1587C7E9BAD64BC9B46F9A27 /* Todo+Schema.swift */; };
/* End PBXBuildFile section */

/* Begin PBXFileReference section */
		306CF6F8EE9D4F6A9C676B0B /* amplifyconfiguration.json */ = {isa = PBXFileReference; explicitFileType = undefined; fileEncoding = undefined; includeInIndex = 0; lastKnownFileType = unknown; name = amplifyconfiguration.json; path = amplifyconfiguration.json; sourceTree = "<group>"; };
		50AE7D7E8305D3E4B2F4CA39 /* Pods-Tabe.release.xcconfig */ = {isa = PBXFileReference; includeInIndex = 1; lastKnownFileType = text.xcconfig; name = "Pods-Tabe.release.xcconfig"; path = "Target Support Files/Pods-Tabe/Pods-Tabe.release.xcconfig"; sourceTree = "<group>"; };
		79F34409C1C849A3B7CB89C7 /* awsconfiguration.json */ = {isa = PBXFileReference; explicitFileType = undefined; fileEncoding = undefined; includeInIndex = 0; lastKnownFileType = unknown; name = awsconfiguration.json; path = awsconfiguration.json; sourceTree = "<group>"; };
		84509239EF93776C134C6F44 /* Pods-Tabe.debug.xcconfig */ = {isa = PBXFileReference; includeInIndex = 1; lastKnownFileType = text.xcconfig; name = "Pods-Tabe.debug.xcconfig"; path = "Target Support Files/Pods-Tabe/Pods-Tabe.debug.xcconfig"; sourceTree = "<group>"; };
		872D68C1CFE94C8784D475B5 /* amplifytools.xcconfig */ = {isa = PBXFileReference; explicitFileType = undefined; fileEncoding = 4; includeInIndex = 0; lastKnownFileType = text.xcconfig; name = amplifytools.xcconfig; path = amplifytools.xcconfig; sourceTree = "<group>"; };
		91E3D097FE104D4D8CD1997E /* schema.graphql */ = {isa = PBXFileReference; explicitFileType = undefined; fileEncoding = 4; includeInIndex = 0; lastKnownFileType = text; name = schema.graphql; path = amplify/backend/api/amplifyDatasource/schema.graphql; sourceTree = "<group>"; };
		ADC27F0A5B2B559D516C7267 /* Pods_Tabe.framework */ = {isa = PBXFileReference; explicitFileType = wrapper.framework; includeInIndex = 0; path = Pods_Tabe.framework; sourceTree = BUILT_PRODUCTS_DIR; };
		FABAC8BB257EB06E00DE8409 /* Tabe.app */ = {isa = PBXFileReference; explicitFileType = wrapper.application; includeInIndex = 0; path = Tabe.app; sourceTree = BUILT_PRODUCTS_DIR; };
		FABAC8BE257EB06E00DE8409 /* TabeApp.swift */ = {isa = PBXFileReference; lastKnownFileType = sourcecode.swift; path = TabeApp.swift; sourceTree = "<group>"; };
		FABAC8C0257EB06E00DE8409 /* ContentView.swift */ = {isa = PBXFileReference; lastKnownFileType = sourcecode.swift; path = ContentView.swift; sourceTree = "<group>"; };
		FABAC8C2257EB06F00DE8409 /* Assets.xcassets */ = {isa = PBXFileReference; lastKnownFileType = folder.assetcatalog; path = Assets.xcassets; sourceTree = "<group>"; };
		FABAC8C5257EB06F00DE8409 /* Preview Assets.xcassets */ = {isa = PBXFileReference; lastKnownFileType = folder.assetcatalog; path = "Preview Assets.xcassets"; sourceTree = "<group>"; };
		FABAC8C7257EB06F00DE8409 /* Info.plist */ = {isa = PBXFileReference; lastKnownFileType = text.plist.xml; path = Info.plist; sourceTree = "<group>"; };
		31BDD5D9723D40AA89ED7925 /* AmplifyModels.swift */ = {isa = PBXFileReference; name = "AmplifyModels.swift"; path = "amplify/generated/models/AmplifyModels.swift"; sourceTree = "<group>"; fileEncoding = 4; lastKnownFileType = sourcecode.swift; explicitFileType = undefined; includeInIndex = 0; };
		2B8A53D218184837AA637DE5 /* Priority.swift */ = {isa = PBXFileReference; name = "Priority.swift"; path = "amplify/generated/models/Priority.swift"; sourceTree = "<group>"; fileEncoding = 4; lastKnownFileType = sourcecode.swift; explicitFileType = undefined; includeInIndex = 0; };
		668EF0AEAE38437596E03633 /* Todo.swift */ = {isa = PBXFileReference; name = "Todo.swift"; path = "amplify/generated/models/Todo.swift"; sourceTree = "<group>"; fileEncoding = 4; lastKnownFileType = sourcecode.swift; explicitFileType = undefined; includeInIndex = 0; };
		1587C7E9BAD64BC9B46F9A27 /* Todo+Schema.swift */ = {isa = PBXFileReference; name = "Todo+Schema.swift"; path = "amplify/generated/models/Todo+Schema.swift"; sourceTree = "<group>"; fileEncoding = 4; lastKnownFileType = sourcecode.swift; explicitFileType = undefined; includeInIndex = 0; };
/* End PBXFileReference section */

/* Begin PBXFrameworksBuildPhase section */
		FABAC8B8257EB06E00DE8409 /* Frameworks */ = {
			isa = PBXFrameworksBuildPhase;
			buildActionMask = 2147483647;
			files = (
				7A66211B17AA8C68AA92E1FF /* Pods_Tabe.framework in Frameworks */,
			);
			runOnlyForDeploymentPostprocessing = 0;
		};
/* End PBXFrameworksBuildPhase section */

/* Begin PBXGroup section */
		29C1CFF9D73DA3BA79CFAC0B /* Frameworks */ = {
			isa = PBXGroup;
			children = (
				ADC27F0A5B2B559D516C7267 /* Pods_Tabe.framework */,
			);
			name = Frameworks;
			sourceTree = "<group>";
		};
		3D0910E26F6C9D1BE9C2F9D8 /* Pods */ = {
			isa = PBXGroup;
			children = (
				84509239EF93776C134C6F44 /* Pods-Tabe.debug.xcconfig */,
				50AE7D7E8305D3E4B2F4CA39 /* Pods-Tabe.release.xcconfig */,
			);
			name = Pods;
			path = Pods;
			sourceTree = "<group>";
		};
		DAEA4E2EFC2E40D2AD067ABA /* AmplifyConfig */ = {
			isa = PBXGroup;
			children = (
				872D68C1CFE94C8784D475B5 /* amplifytools.xcconfig */,
				306CF6F8EE9D4F6A9C676B0B /* amplifyconfiguration.json */,
				79F34409C1C849A3B7CB89C7 /* awsconfiguration.json */,
				91E3D097FE104D4D8CD1997E /* schema.graphql */,
			);
			name = AmplifyConfig;
			path = .;
			sourceTree = "<group>";
		};
		FABAC8B2257EB06E00DE8409 = {
			isa = PBXGroup;
			children = (
				35D746C912C84F97B89C9993 /* AmplifyModels */,
				DAEA4E2EFC2E40D2AD067ABA /* AmplifyConfig */,
				FABAC8BD257EB06E00DE8409 /* Tabe */,
				FABAC8BC257EB06E00DE8409 /* Products */,
				3D0910E26F6C9D1BE9C2F9D8 /* Pods */,
				29C1CFF9D73DA3BA79CFAC0B /* Frameworks */,
			);
			sourceTree = "<group>";
		};
		FABAC8BC257EB06E00DE8409 /* Products */ = {
			isa = PBXGroup;
			children = (
				FABAC8BB257EB06E00DE8409 /* Tabe.app */,
			);
			name = Products;
			sourceTree = "<group>";
		};
		FABAC8BD257EB06E00DE8409 /* Tabe */ = {
			isa = PBXGroup;
			children = (
				FABAC8BE257EB06E00DE8409 /* TabeApp.swift */,
				FABAC8C0257EB06E00DE8409 /* ContentView.swift */,
				FABAC8C2257EB06F00DE8409 /* Assets.xcassets */,
				FABAC8C7257EB06F00DE8409 /* Info.plist */,
				FABAC8C4257EB06F00DE8409 /* Preview Content */,
			);
			path = Tabe;
			sourceTree = "<group>";
		};
		FABAC8C4257EB06F00DE8409 /* Preview Content */ = {
			isa = PBXGroup;
			children = (
				FABAC8C5257EB06F00DE8409 /* Preview Assets.xcassets */,
			);
			path = "Preview Content";
			sourceTree = "<group>";
		};
		35D746C912C84F97B89C9993 /* AmplifyModels */ = {
			isa = PBXGroup;
			children = (
				31BDD5D9723D40AA89ED7925 /* AmplifyModels.swift */,
				2B8A53D218184837AA637DE5 /* Priority.swift */,
				668EF0AEAE38437596E03633 /* Todo.swift */,
				1587C7E9BAD64BC9B46F9A27 /* Todo+Schema.swift */,
			);
			name = AmplifyModels;
			path = .;
			sourceTree = "<group>";
		};
		D62BCACD4E0C47CAA5969FBF /* Resources */ = {
			isa = PBXGroup;
			children = (
			);
			name = Resources;
			path = undefined;
			sourceTree = "<group>";
		};
/* End PBXGroup section */

/* Begin PBXNativeTarget section */
		FABAC8BA257EB06E00DE8409 /* Tabe */ = {
			isa = PBXNativeTarget;
			buildConfigurationList = FABAC8CA257EB06F00DE8409 /* Build configuration list for PBXNativeTarget "Tabe" */;
			buildPhases = (
				0CD5E073E7BA41C84421703B /* [CP] Check Pods Manifest.lock */,
				FABAC8B7257EB06E00DE8409 /* Sources */,
				FABAC8B8257EB06E00DE8409 /* Frameworks */,
				FABAC8B9257EB06E00DE8409 /* Resources */,
				2623F456E61B3E56FC85C861 /* [CP] Embed Pods Frameworks */,
			);
			buildRules = (
			);
			dependencies = (
			);
			name = Tabe;
			productName = Tabe;
			productReference = FABAC8BB257EB06E00DE8409 /* Tabe.app */;
			productType = "com.apple.product-type.application";
		};
/* End PBXNativeTarget section */

/* Begin PBXProject section */
		FABAC8B3257EB06E00DE8409 /* Project object */ = {
			isa = PBXProject;
			attributes = {
				LastSwiftUpdateCheck = 1220;
				LastUpgradeCheck = 1220;
				TargetAttributes = {
					FABAC8BA257EB06E00DE8409 = {
						CreatedOnToolsVersion = 12.2;
					};
				};
			};
			buildConfigurationList = FABAC8B6257EB06E00DE8409 /* Build configuration list for PBXProject "Tabe" */;
			compatibilityVersion = "Xcode 9.3";
			developmentRegion = en;
			hasScannedForEncodings = 0;
			knownRegions = (
				en,
				Base,
			);
			mainGroup = FABAC8B2257EB06E00DE8409;
			productRefGroup = FABAC8BC257EB06E00DE8409 /* Products */;
			projectDirPath = "";
			projectRoot = "";
			targets = (
				FABAC8BA257EB06E00DE8409 /* Tabe */,
			);
		};
/* End PBXProject section */

/* Begin PBXResourcesBuildPhase section */
		FABAC8B9257EB06E00DE8409 /* Resources */ = {
			isa = PBXResourcesBuildPhase;
			buildActionMask = 2147483647;
			files = (
				FABAC8C6257EB06F00DE8409 /* Preview Assets.xcassets in Resources */,
				FABAC8C3257EB06F00DE8409 /* Assets.xcassets in Resources */,
				6EFE7B5D408C4E11AB784575 /* amplifyconfiguration.json in Resources */,
				0B5EF1C53B7241078A8212B9 /* awsconfiguration.json in Resources */,
			);
			runOnlyForDeploymentPostprocessing = 0;
		};
/* End PBXResourcesBuildPhase section */

/* Begin PBXShellScriptBuildPhase section */
		0CD5E073E7BA41C84421703B /* [CP] Check Pods Manifest.lock */ = {
			isa = PBXShellScriptBuildPhase;
			buildActionMask = 2147483647;
			files = (
			);
			inputFileListPaths = (
			);
			inputPaths = (
				"${PODS_PODFILE_DIR_PATH}/Podfile.lock",
				"${PODS_ROOT}/Manifest.lock",
			);
			name = "[CP] Check Pods Manifest.lock";
			outputFileListPaths = (
			);
			outputPaths = (
				"$(DERIVED_FILE_DIR)/Pods-Tabe-checkManifestLockResult.txt",
			);
			runOnlyForDeploymentPostprocessing = 0;
			shellPath = /bin/sh;
			shellScript = "diff \"${PODS_PODFILE_DIR_PATH}/Podfile.lock\" \"${PODS_ROOT}/Manifest.lock\" > /dev/null\nif [ $? != 0 ] ; then\n    # print error to STDERR\n    echo \"error: The sandbox is not in sync with the Podfile.lock. Run 'pod install' or update your CocoaPods installation.\" >&2\n    exit 1\nfi\n# This output is used by Xcode 'outputs' to avoid re-running this script phase.\necho \"SUCCESS\" > \"${SCRIPT_OUTPUT_FILE_0}\"\n";
			showEnvVarsInLog = 0;
		};
		2623F456E61B3E56FC85C861 /* [CP] Embed Pods Frameworks */ = {
			isa = PBXShellScriptBuildPhase;
			buildActionMask = 2147483647;
			files = (
			);
			inputFileListPaths = (
				"${PODS_ROOT}/Target Support Files/Pods-Tabe/Pods-Tabe-frameworks-${CONFIGURATION}-input-files.xcfilelist",
			);
			name = "[CP] Embed Pods Frameworks";
			outputFileListPaths = (
				"${PODS_ROOT}/Target Support Files/Pods-Tabe/Pods-Tabe-frameworks-${CONFIGURATION}-output-files.xcfilelist",
			);
			runOnlyForDeploymentPostprocessing = 0;
			shellPath = /bin/sh;
			shellScript = "\"${PODS_ROOT}/Target Support Files/Pods-Tabe/Pods-Tabe-frameworks.sh\"\n";
			showEnvVarsInLog = 0;
		};
/* End PBXShellScriptBuildPhase section */

/* Begin PBXSourcesBuildPhase section */
		FABAC8B7257EB06E00DE8409 /* Sources */ = {
			isa = PBXSourcesBuildPhase;
			buildActionMask = 2147483647;
			files = (
				FABAC8C1257EB06E00DE8409 /* ContentView.swift in Sources */,
				FABAC8BF257EB06E00DE8409 /* TabeApp.swift in Sources */,
				649503F622144F6283B2B779 /* AmplifyModels.swift in Sources */,
				442AAEC3B08A4197A538D580 /* Priority.swift in Sources */,
				9B109224D7F54B9B9DE6476D /* Todo.swift in Sources */,
				11DCB5532FF248C580855371 /* Todo+Schema.swift in Sources */,
			);
			runOnlyForDeploymentPostprocessing = 0;
		};
/* End PBXSourcesBuildPhase section */

/* Begin XCBuildConfiguration section */
		FABAC8C8257EB06F00DE8409 /* Debug */ = {
			isa = XCBuildConfiguration;
			buildSettings = {
				ALWAYS_SEARCH_USER_PATHS = NO;
				CLANG_ANALYZER_NONNULL = YES;
				CLANG_ANALYZER_NUMBER_OBJECT_CONVERSION = YES_AGGRESSIVE;
				CLANG_CXX_LANGUAGE_STANDARD = "gnu++14";
				CLANG_CXX_LIBRARY = "libc++";
				CLANG_ENABLE_MODULES = YES;
				CLANG_ENABLE_OBJC_ARC = YES;
				CLANG_ENABLE_OBJC_WEAK = YES;
				CLANG_WARN_BLOCK_CAPTURE_AUTORELEASING = YES;
				CLANG_WARN_BOOL_CONVERSION = YES;
				CLANG_WARN_COMMA = YES;
				CLANG_WARN_CONSTANT_CONVERSION = YES;
				CLANG_WARN_DEPRECATED_OBJC_IMPLEMENTATIONS = YES;
				CLANG_WARN_DIRECT_OBJC_ISA_USAGE = YES_ERROR;
				CLANG_WARN_DOCUMENTATION_COMMENTS = YES;
				CLANG_WARN_EMPTY_BODY = YES;
				CLANG_WARN_ENUM_CONVERSION = YES;
				CLANG_WARN_INFINITE_RECURSION = YES;
				CLANG_WARN_INT_CONVERSION = YES;
				CLANG_WARN_NON_LITERAL_NULL_CONVERSION = YES;
				CLANG_WARN_OBJC_IMPLICIT_RETAIN_SELF = YES;
				CLANG_WARN_OBJC_LITERAL_CONVERSION = YES;
				CLANG_WARN_OBJC_ROOT_CLASS = YES_ERROR;
				CLANG_WARN_QUOTED_INCLUDE_IN_FRAMEWORK_HEADER = YES;
				CLANG_WARN_RANGE_LOOP_ANALYSIS = YES;
				CLANG_WARN_STRICT_PROTOTYPES = YES;
				CLANG_WARN_SUSPICIOUS_MOVE = YES;
				CLANG_WARN_UNGUARDED_AVAILABILITY = YES_AGGRESSIVE;
				CLANG_WARN_UNREACHABLE_CODE = YES;
				CLANG_WARN__DUPLICATE_METHOD_MATCH = YES;
				COPY_PHASE_STRIP = NO;
				DEBUG_INFORMATION_FORMAT = dwarf;
				ENABLE_STRICT_OBJC_MSGSEND = YES;
				ENABLE_TESTABILITY = YES;
				GCC_C_LANGUAGE_STANDARD = gnu11;
				GCC_DYNAMIC_NO_PIC = NO;
				GCC_NO_COMMON_BLOCKS = YES;
				GCC_OPTIMIZATION_LEVEL = 0;
				GCC_PREPROCESSOR_DEFINITIONS = (
					"DEBUG=1",
					"$(inherited)",
				);
				GCC_WARN_64_TO_32_BIT_CONVERSION = YES;
				GCC_WARN_ABOUT_RETURN_TYPE = YES_ERROR;
				GCC_WARN_UNDECLARED_SELECTOR = YES;
				GCC_WARN_UNINITIALIZED_AUTOS = YES_AGGRESSIVE;
				GCC_WARN_UNUSED_FUNCTION = YES;
				GCC_WARN_UNUSED_VARIABLE = YES;
				IPHONEOS_DEPLOYMENT_TARGET = 14.2;
				MTL_ENABLE_DEBUG_INFO = INCLUDE_SOURCE;
				MTL_FAST_MATH = YES;
				ONLY_ACTIVE_ARCH = YES;
				SDKROOT = iphoneos;
				SWIFT_ACTIVE_COMPILATION_CONDITIONS = DEBUG;
				SWIFT_OPTIMIZATION_LEVEL = "-Onone";
			};
			name = Debug;
		};
		FABAC8C9257EB06F00DE8409 /* Release */ = {
			isa = XCBuildConfiguration;
			buildSettings = {
				ALWAYS_SEARCH_USER_PATHS = NO;
				CLANG_ANALYZER_NONNULL = YES;
				CLANG_ANALYZER_NUMBER_OBJECT_CONVERSION = YES_AGGRESSIVE;
				CLANG_CXX_LANGUAGE_STANDARD = "gnu++14";
				CLANG_CXX_LIBRARY = "libc++";
				CLANG_ENABLE_MODULES = YES;
				CLANG_ENABLE_OBJC_ARC = YES;
				CLANG_ENABLE_OBJC_WEAK = YES;
				CLANG_WARN_BLOCK_CAPTURE_AUTORELEASING = YES;
				CLANG_WARN_BOOL_CONVERSION = YES;
				CLANG_WARN_COMMA = YES;
				CLANG_WARN_CONSTANT_CONVERSION = YES;
				CLANG_WARN_DEPRECATED_OBJC_IMPLEMENTATIONS = YES;
				CLANG_WARN_DIRECT_OBJC_ISA_USAGE = YES_ERROR;
				CLANG_WARN_DOCUMENTATION_COMMENTS = YES;
				CLANG_WARN_EMPTY_BODY = YES;
				CLANG_WARN_ENUM_CONVERSION = YES;
				CLANG_WARN_INFINITE_RECURSION = YES;
				CLANG_WARN_INT_CONVERSION = YES;
				CLANG_WARN_NON_LITERAL_NULL_CONVERSION = YES;
				CLANG_WARN_OBJC_IMPLICIT_RETAIN_SELF = YES;
				CLANG_WARN_OBJC_LITERAL_CONVERSION = YES;
				CLANG_WARN_OBJC_ROOT_CLASS = YES_ERROR;
				CLANG_WARN_QUOTED_INCLUDE_IN_FRAMEWORK_HEADER = YES;
				CLANG_WARN_RANGE_LOOP_ANALYSIS = YES;
				CLANG_WARN_STRICT_PROTOTYPES = YES;
				CLANG_WARN_SUSPICIOUS_MOVE = YES;
				CLANG_WARN_UNGUARDED_AVAILABILITY = YES_AGGRESSIVE;
				CLANG_WARN_UNREACHABLE_CODE = YES;
				CLANG_WARN__DUPLICATE_METHOD_MATCH = YES;
				COPY_PHASE_STRIP = NO;
				DEBUG_INFORMATION_FORMAT = "dwarf-with-dsym";
				ENABLE_NS_ASSERTIONS = NO;
				ENABLE_STRICT_OBJC_MSGSEND = YES;
				GCC_C_LANGUAGE_STANDARD = gnu11;
				GCC_NO_COMMON_BLOCKS = YES;
				GCC_WARN_64_TO_32_BIT_CONVERSION = YES;
				GCC_WARN_ABOUT_RETURN_TYPE = YES_ERROR;
				GCC_WARN_UNDECLARED_SELECTOR = YES;
				GCC_WARN_UNINITIALIZED_AUTOS = YES_AGGRESSIVE;
				GCC_WARN_UNUSED_FUNCTION = YES;
				GCC_WARN_UNUSED_VARIABLE = YES;
				IPHONEOS_DEPLOYMENT_TARGET = 14.2;
				MTL_ENABLE_DEBUG_INFO = NO;
				MTL_FAST_MATH = YES;
				SDKROOT = iphoneos;
				SWIFT_COMPILATION_MODE = wholemodule;
				SWIFT_OPTIMIZATION_LEVEL = "-O";
				VALIDATE_PRODUCT = YES;
			};
			name = Release;
		};
		FABAC8CB257EB06F00DE8409 /* Debug */ = {
			isa = XCBuildConfiguration;
			baseConfigurationReference = 84509239EF93776C134C6F44 /* Pods-Tabe.debug.xcconfig */;
			buildSettings = {
				ASSETCATALOG_COMPILER_APPICON_NAME = AppIcon;
				ASSETCATALOG_COMPILER_GLOBAL_ACCENT_COLOR_NAME = AccentColor;
				CODE_SIGN_STYLE = Automatic;
				DEVELOPMENT_ASSET_PATHS = "\"Tabe/Preview Content\"";
				DEVELOPMENT_TEAM = 8N2Z544SB4;
				ENABLE_PREVIEWS = YES;
				INFOPLIST_FILE = Tabe/Info.plist;
				IPHONEOS_DEPLOYMENT_TARGET = 14.0;
				LD_RUNPATH_SEARCH_PATHS = (
					"$(inherited)",
					"@executable_path/Frameworks",
				);
				PRODUCT_BUNDLE_IDENTIFIER = com.tabe.Tabe;
				PRODUCT_NAME = "$(TARGET_NAME)";
				SWIFT_VERSION = 5.0;
				TARGETED_DEVICE_FAMILY = "1,2";
			};
			name = Debug;
		};
		FABAC8CC257EB06F00DE8409 /* Release */ = {
			isa = XCBuildConfiguration;
			baseConfigurationReference = 50AE7D7E8305D3E4B2F4CA39 /* Pods-Tabe.release.xcconfig */;
			buildSettings = {
				ASSETCATALOG_COMPILER_APPICON_NAME = AppIcon;
				ASSETCATALOG_COMPILER_GLOBAL_ACCENT_COLOR_NAME = AccentColor;
				CODE_SIGN_STYLE = Automatic;
				DEVELOPMENT_ASSET_PATHS = "\"Tabe/Preview Content\"";
				DEVELOPMENT_TEAM = 8N2Z544SB4;
				ENABLE_PREVIEWS = YES;
				INFOPLIST_FILE = Tabe/Info.plist;
				IPHONEOS_DEPLOYMENT_TARGET = 14.0;
				LD_RUNPATH_SEARCH_PATHS = (
					"$(inherited)",
					"@executable_path/Frameworks",
				);
				PRODUCT_BUNDLE_IDENTIFIER = com.tabe.Tabe;
				PRODUCT_NAME = "$(TARGET_NAME)";
				SWIFT_VERSION = 5.0;
				TARGETED_DEVICE_FAMILY = "1,2";
			};
			name = Release;
		};
/* End XCBuildConfiguration section */

/* Begin XCConfigurationList section */
		FABAC8B6257EB06E00DE8409 /* Build configuration list for PBXProject "Tabe" */ = {
			isa = XCConfigurationList;
			buildConfigurations = (
				FABAC8C8257EB06F00DE8409 /* Debug */,
				FABAC8C9257EB06F00DE8409 /* Release */,
			);
			defaultConfigurationIsVisible = 0;
			defaultConfigurationName = Release;
		};
		FABAC8CA257EB06F00DE8409 /* Build configuration list for PBXNativeTarget "Tabe" */ = {
			isa = XCConfigurationList;
			buildConfigurations = (
				FABAC8CB257EB06F00DE8409 /* Debug */,
				FABAC8CC257EB06F00DE8409 /* Release */,
			);
			defaultConfigurationIsVisible = 0;
			defaultConfigurationName = Release;
		};
/* End XCConfigurationList section */
	};
	rootObject = FABAC8B3257EB06E00DE8409 /* Project object */;
}
